
Microsoft Visual Studio Solution File, Format Version 12.00
# Visual Studio Version 16
VisualStudioVersion = 16.0.30611.23
MinimumVisualStudioVersion = 10.0.40219.1
Project("{8BC9CEB8-8B4A-11D0-8D11-00A0C91BC942}") = "MFC Test", "MFC Test.vcxproj", "{BF8CD25F-6995-4B90-B590-2E0C4DEEFDCC}"
EndProject
Global
	GlobalSection(SolutionConfigurationPlatforms) = preSolution
		Debug|x64 = Debug|x64
		Debug|x86 = Debug|x86
		Release|x64 = Release|x64
		Release|x86 = Release|x86
	EndGlobalSection
	GlobalSection(ProjectConfigurationPlatforms) = postSolution
		{BF8CD25F-6995-4B90-B590-2E0C4DEEFDCC}.Debug|x64.ActiveCfg = Debug|x64
		{BF8CD25F-6995-4B90-B590-2E0C4DEEFDCC}.Debug|x64.Build.0 = Debug|x64
		{BF8CD25F-6995-4B90-B590-2E0C4DEEFDCC}.Debug|x86.ActiveCfg = Debug|Win32
		{BF8CD25F-6995-4B90-B590-2E0C4DEEFDCC}.Debug|x86.Build.0 = Debug|Win32
		{BF8CD25F-6995-4B90-B590-2E0C4DEEFDCC}.Release|x64.ActiveCfg = Release|x64
		{BF8CD25F-6995-4B90-B590-2E0C4DEEFDCC}.Release|x64.Build.0 = Release|x64
		{BF8CD25F-6995-4B90-B590-2E0C4DEEFDCC}.Release|x86.ActiveCfg = Release|Win32
		{BF8CD25F-6995-4B90-B590-2E0C4DEEFDCC}.Release|x86.Build.0 = Release|Win32
	EndGlobalSection
	GlobalSection(SolutionProperties) = preSolution
		HideSolutionNode = FALSE
	EndGlobalSection
	GlobalSection(ExtensibilityGlobals) = postSolution
		SolutionGuid = {CCBAA3F9-239D-45A8-A3D6-695A95CD7627}
	EndGlobalSection
EndGlobal
